// !$*UTF8*$!
{
	archiveVersion = 1;
	classes = {
	};
	objectVersion = 55;
	objects = {

/* Begin PBXBuildFile section */
		8C8C14D37C3CF93251019923 /* Pods_MyCrypto.framework in Frameworks */ = {isa = PBXBuildFile; fileRef = 6FFBC3C58FDF3DDFF43194ED /* Pods_MyCrypto.framework */; };
		AB807E8B9F518AAE385148EC /* Pods_MyCrypto_MyCryptoUITests.framework in Frameworks */ = {isa = PBXBuildFile; fileRef = 9C7C07A82E14D6C19A5DCD4A /* Pods_MyCrypto_MyCryptoUITests.framework */; };
		B682D6A26E7C6C55E919C7F7 /* Pods_MyCryptoTests.framework in Frameworks */ = {isa = PBXBuildFile; fileRef = F0C61AD98A0043E968649FFC /* Pods_MyCryptoTests.framework */; };
		F73AF96227E01B7F00D750DB /* Currency.swift in Sources */ = {isa = PBXBuildFile; fileRef = F73AF96127E01B7F00D750DB /* Currency.swift */; };
		F73AF96827E099FD00D750DB /* CurrencyTableViewController.swift in Sources */ = {isa = PBXBuildFile; fileRef = F73AF96727E099FD00D750DB /* CurrencyTableViewController.swift */; };
		F7759D4027E015D000172EA0 /* DataFetcher.swift in Sources */ = {isa = PBXBuildFile; fileRef = F7759D3F27E015D000172EA0 /* DataFetcher.swift */; };
		F77B78C827E404C400ECE459 /* CurrencyTableViewPresenter.swift in Sources */ = {isa = PBXBuildFile; fileRef = F77B78C727E404C400ECE459 /* CurrencyTableViewPresenter.swift */; };
		F77B78CA27E42A7F00ECE459 /* DetailTableViewPresenter.swift in Sources */ = {isa = PBXBuildFile; fileRef = F77B78C927E42A7F00ECE459 /* DetailTableViewPresenter.swift */; };
		F79A512827E23F9200B8A1D2 /* DetailTableViewController.swift in Sources */ = {isa = PBXBuildFile; fileRef = F79A512727E23F9200B8A1D2 /* DetailTableViewController.swift */; };
		F7D3019E27E2B80400AE256B /* Utilities.swift in Sources */ = {isa = PBXBuildFile; fileRef = F7D3019D27E2B80400AE256B /* Utilities.swift */; };
		F7E4417C27E00EED00835C9E /* AppDelegate.swift in Sources */ = {isa = PBXBuildFile; fileRef = F7E4417B27E00EED00835C9E /* AppDelegate.swift */; };
		F7E4417E27E00EED00835C9E /* SceneDelegate.swift in Sources */ = {isa = PBXBuildFile; fileRef = F7E4417D27E00EED00835C9E /* SceneDelegate.swift */; };
		F7E4418327E00EED00835C9E /* Main.storyboard in Resources */ = {isa = PBXBuildFile; fileRef = F7E4418127E00EED00835C9E /* Main.storyboard */; };
		F7E4418527E00EEE00835C9E /* Assets.xcassets in Resources */ = {isa = PBXBuildFile; fileRef = F7E4418427E00EEE00835C9E /* Assets.xcassets */; };
		F7E4418827E00EEE00835C9E /* LaunchScreen.storyboard in Resources */ = {isa = PBXBuildFile; fileRef = F7E4418627E00EEE00835C9E /* LaunchScreen.storyboard */; };
		F7E4419327E00EEE00835C9E /* MyCryptoTests.swift in Sources */ = {isa = PBXBuildFile; fileRef = F7E4419227E00EEE00835C9E /* MyCryptoTests.swift */; };
		F7E4419D27E00EEE00835C9E /* MyCryptoUITests.swift in Sources */ = {isa = PBXBuildFile; fileRef = F7E4419C27E00EEE00835C9E /* MyCryptoUITests.swift */; };
		F7E4419F27E00EEE00835C9E /* MyCryptoUITestsLaunchTests.swift in Sources */ = {isa = PBXBuildFile; fileRef = F7E4419E27E00EEE00835C9E /* MyCryptoUITestsLaunchTests.swift */; };
/* End PBXBuildFile section */

/* Begin PBXContainerItemProxy section */
		F7E4418F27E00EEE00835C9E /* PBXContainerItemProxy */ = {
			isa = PBXContainerItemProxy;
			containerPortal = F7E4417027E00EED00835C9E /* Project object */;
			proxyType = 1;
			remoteGlobalIDString = F7E4417727E00EED00835C9E;
			remoteInfo = MyCrypto;
		};
		F7E4419927E00EEE00835C9E /* PBXContainerItemProxy */ = {
			isa = PBXContainerItemProxy;
			containerPortal = F7E4417027E00EED00835C9E /* Project object */;
			proxyType = 1;
			remoteGlobalIDString = F7E4417727E00EED00835C9E;
			remoteInfo = MyCrypto;
		};
/* End PBXContainerItemProxy section */

/* Begin PBXFileReference section */
		4D309F024C7A548F6529ED57 /* Pods-MyCryptoTests.release.xcconfig */ = {isa = PBXFileReference; includeInIndex = 1; lastKnownFileType = text.xcconfig; name = "Pods-MyCryptoTests.release.xcconfig"; path = "Target Support Files/Pods-MyCryptoTests/Pods-MyCryptoTests.release.xcconfig"; sourceTree = "<group>"; };
		6CCB3EB3FDA66DBD9EAB5992 /* Pods-MyCrypto-MyCryptoUITests.release.xcconfig */ = {isa = PBXFileReference; includeInIndex = 1; lastKnownFileType = text.xcconfig; name = "Pods-MyCrypto-MyCryptoUITests.release.xcconfig"; path = "Target Support Files/Pods-MyCrypto-MyCryptoUITests/Pods-MyCrypto-MyCryptoUITests.release.xcconfig"; sourceTree = "<group>"; };
		6F75BC63D593F80746E0EC6B /* Pods-MyCrypto-MyCryptoUITests.debug.xcconfig */ = {isa = PBXFileReference; includeInIndex = 1; lastKnownFileType = text.xcconfig; name = "Pods-MyCrypto-MyCryptoUITests.debug.xcconfig"; path = "Target Support Files/Pods-MyCrypto-MyCryptoUITests/Pods-MyCrypto-MyCryptoUITests.debug.xcconfig"; sourceTree = "<group>"; };
		6FFBC3C58FDF3DDFF43194ED /* Pods_MyCrypto.framework */ = {isa = PBXFileReference; explicitFileType = wrapper.framework; includeInIndex = 0; path = Pods_MyCrypto.framework; sourceTree = BUILT_PRODUCTS_DIR; };
		823F36D1EDB8C87FAF7044CE /* Pods-MyCrypto.debug.xcconfig */ = {isa = PBXFileReference; includeInIndex = 1; lastKnownFileType = text.xcconfig; name = "Pods-MyCrypto.debug.xcconfig"; path = "Target Support Files/Pods-MyCrypto/Pods-MyCrypto.debug.xcconfig"; sourceTree = "<group>"; };
		84941F97D8130951CAAB9CFE /* Pods-MyCryptoTests.debug.xcconfig */ = {isa = PBXFileReference; includeInIndex = 1; lastKnownFileType = text.xcconfig; name = "Pods-MyCryptoTests.debug.xcconfig"; path = "Target Support Files/Pods-MyCryptoTests/Pods-MyCryptoTests.debug.xcconfig"; sourceTree = "<group>"; };
		8F35BA3C1AEFE36494CEFEEA /* Pods-MyCrypto.release.xcconfig */ = {isa = PBXFileReference; includeInIndex = 1; lastKnownFileType = text.xcconfig; name = "Pods-MyCrypto.release.xcconfig"; path = "Target Support Files/Pods-MyCrypto/Pods-MyCrypto.release.xcconfig"; sourceTree = "<group>"; };
		9C7C07A82E14D6C19A5DCD4A /* Pods_MyCrypto_MyCryptoUITests.framework */ = {isa = PBXFileReference; explicitFileType = wrapper.framework; includeInIndex = 0; path = Pods_MyCrypto_MyCryptoUITests.framework; sourceTree = BUILT_PRODUCTS_DIR; };
		F0C61AD98A0043E968649FFC /* Pods_MyCryptoTests.framework */ = {isa = PBXFileReference; explicitFileType = wrapper.framework; includeInIndex = 0; path = Pods_MyCryptoTests.framework; sourceTree = BUILT_PRODUCTS_DIR; };
		F73AF96127E01B7F00D750DB /* Currency.swift */ = {isa = PBXFileReference; lastKnownFileType = sourcecode.swift; path = Currency.swift; sourceTree = "<group>"; };
		F73AF96727E099FD00D750DB /* CurrencyTableViewController.swift */ = {isa = PBXFileReference; lastKnownFileType = sourcecode.swift; path = CurrencyTableViewController.swift; sourceTree = "<group>"; };
		F7759D3F27E015D000172EA0 /* DataFetcher.swift */ = {isa = PBXFileReference; lastKnownFileType = sourcecode.swift; path = DataFetcher.swift; sourceTree = "<group>"; };
		F77B78C727E404C400ECE459 /* CurrencyTableViewPresenter.swift */ = {isa = PBXFileReference; lastKnownFileType = sourcecode.swift; path = CurrencyTableViewPresenter.swift; sourceTree = "<group>"; };
		F77B78C927E42A7F00ECE459 /* DetailTableViewPresenter.swift */ = {isa = PBXFileReference; lastKnownFileType = sourcecode.swift; path = DetailTableViewPresenter.swift; sourceTree = "<group>"; };
		F79A512727E23F9200B8A1D2 /* DetailTableViewController.swift */ = {isa = PBXFileReference; lastKnownFileType = sourcecode.swift; path = DetailTableViewController.swift; sourceTree = "<group>"; };
		F7C908C027E017ED008074EB /* Alamofire.framework */ = {isa = PBXFileReference; explicitFileType = wrapper.framework; path = Alamofire.framework; sourceTree = BUILT_PRODUCTS_DIR; };
		F7D3019D27E2B80400AE256B /* Utilities.swift */ = {isa = PBXFileReference; lastKnownFileType = sourcecode.swift; path = Utilities.swift; sourceTree = "<group>"; };
		F7E4417827E00EED00835C9E /* MyCrypto.app */ = {isa = PBXFileReference; explicitFileType = wrapper.application; includeInIndex = 0; path = MyCrypto.app; sourceTree = BUILT_PRODUCTS_DIR; };
		F7E4417B27E00EED00835C9E /* AppDelegate.swift */ = {isa = PBXFileReference; lastKnownFileType = sourcecode.swift; path = AppDelegate.swift; sourceTree = "<group>"; };
		F7E4417D27E00EED00835C9E /* SceneDelegate.swift */ = {isa = PBXFileReference; lastKnownFileType = sourcecode.swift; path = SceneDelegate.swift; sourceTree = "<group>"; };
		F7E4418227E00EED00835C9E /* Base */ = {isa = PBXFileReference; lastKnownFileType = file.storyboard; name = Base; path = Base.lproj/Main.storyboard; sourceTree = "<group>"; };
		F7E4418427E00EEE00835C9E /* Assets.xcassets */ = {isa = PBXFileReference; lastKnownFileType = folder.assetcatalog; path = Assets.xcassets; sourceTree = "<group>"; };
		F7E4418727E00EEE00835C9E /* Base */ = {isa = PBXFileReference; lastKnownFileType = file.storyboard; name = Base; path = Base.lproj/LaunchScreen.storyboard; sourceTree = "<group>"; };
		F7E4418927E00EEE00835C9E /* Info.plist */ = {isa = PBXFileReference; lastKnownFileType = text.plist.xml; path = Info.plist; sourceTree = "<group>"; };
		F7E4418E27E00EEE00835C9E /* MyCryptoTests.xctest */ = {isa = PBXFileReference; explicitFileType = wrapper.cfbundle; includeInIndex = 0; path = MyCryptoTests.xctest; sourceTree = BUILT_PRODUCTS_DIR; };
		F7E4419227E00EEE00835C9E /* MyCryptoTests.swift */ = {isa = PBXFileReference; lastKnownFileType = sourcecode.swift; path = MyCryptoTests.swift; sourceTree = "<group>"; };
		F7E4419827E00EEE00835C9E /* MyCryptoUITests.xctest */ = {isa = PBXFileReference; explicitFileType = wrapper.cfbundle; includeInIndex = 0; path = MyCryptoUITests.xctest; sourceTree = BUILT_PRODUCTS_DIR; };
		F7E4419C27E00EEE00835C9E /* MyCryptoUITests.swift */ = {isa = PBXFileReference; lastKnownFileType = sourcecode.swift; path = MyCryptoUITests.swift; sourceTree = "<group>"; };
		F7E4419E27E00EEE00835C9E /* MyCryptoUITestsLaunchTests.swift */ = {isa = PBXFileReference; lastKnownFileType = sourcecode.swift; path = MyCryptoUITestsLaunchTests.swift; sourceTree = "<group>"; };
/* End PBXFileReference section */

/* Begin PBXFrameworksBuildPhase section */
		F7E4417527E00EED00835C9E /* Frameworks */ = {
			isa = PBXFrameworksBuildPhase;
			buildActionMask = 2147483647;
			files = (
				8C8C14D37C3CF93251019923 /* Pods_MyCrypto.framework in Frameworks */,
			);
			runOnlyForDeploymentPostprocessing = 0;
		};
		F7E4418B27E00EEE00835C9E /* Frameworks */ = {
			isa = PBXFrameworksBuildPhase;
			buildActionMask = 2147483647;
			files = (
				B682D6A26E7C6C55E919C7F7 /* Pods_MyCryptoTests.framework in Frameworks */,
			);
			runOnlyForDeploymentPostprocessing = 0;
		};
		F7E4419527E00EEE00835C9E /* Frameworks */ = {
			isa = PBXFrameworksBuildPhase;
			buildActionMask = 2147483647;
			files = (
				AB807E8B9F518AAE385148EC /* Pods_MyCrypto_MyCryptoUITests.framework in Frameworks */,
			);
			runOnlyForDeploymentPostprocessing = 0;
		};
/* End PBXFrameworksBuildPhase section */

/* Begin PBXGroup section */
		3A974BA1277EA43F29BB6FB2 /* Pods */ = {
			isa = PBXGroup;
			children = (
				823F36D1EDB8C87FAF7044CE /* Pods-MyCrypto.debug.xcconfig */,
				8F35BA3C1AEFE36494CEFEEA /* Pods-MyCrypto.release.xcconfig */,
				6F75BC63D593F80746E0EC6B /* Pods-MyCrypto-MyCryptoUITests.debug.xcconfig */,
				6CCB3EB3FDA66DBD9EAB5992 /* Pods-MyCrypto-MyCryptoUITests.release.xcconfig */,
				84941F97D8130951CAAB9CFE /* Pods-MyCryptoTests.debug.xcconfig */,
				4D309F024C7A548F6529ED57 /* Pods-MyCryptoTests.release.xcconfig */,
			);
			path = Pods;
			sourceTree = "<group>";
		};
		F2BBF13675B92C2B71725F98 /* Frameworks */ = {
			isa = PBXGroup;
			children = (
				F7C908C027E017ED008074EB /* Alamofire.framework */,
				6FFBC3C58FDF3DDFF43194ED /* Pods_MyCrypto.framework */,
				9C7C07A82E14D6C19A5DCD4A /* Pods_MyCrypto_MyCryptoUITests.framework */,
				F0C61AD98A0043E968649FFC /* Pods_MyCryptoTests.framework */,
			);
			name = Frameworks;
			sourceTree = "<group>";
		};
		F77B78CB27E4333100ECE459 /* Presenter */ = {
			isa = PBXGroup;
			children = (
				F77B78C727E404C400ECE459 /* CurrencyTableViewPresenter.swift */,
				F77B78C927E42A7F00ECE459 /* DetailTableViewPresenter.swift */,
			);
			path = Presenter;
			sourceTree = "<group>";
		};
		F7D3019F27E2BDCD00AE256B /* Model */ = {
			isa = PBXGroup;
			children = (
				F73AF96127E01B7F00D750DB /* Currency.swift */,
			);
			path = Model;
			sourceTree = "<group>";
		};
		F7D301A027E2BDE600AE256B /* View */ = {
			isa = PBXGroup;
			children = (
				F79A512727E23F9200B8A1D2 /* DetailTableViewController.swift */,
				F73AF96727E099FD00D750DB /* CurrencyTableViewController.swift */,
			);
			path = View;
			sourceTree = "<group>";
		};
		F7D301A127E2BDFE00AE256B /* HelperClasses */ = {
			isa = PBXGroup;
			children = (
				F7759D3F27E015D000172EA0 /* DataFetcher.swift */,
				F7D3019D27E2B80400AE256B /* Utilities.swift */,
			);
			path = HelperClasses;
			sourceTree = "<group>";
		};
		F7E4416F27E00EED00835C9E = {
			isa = PBXGroup;
			children = (
				F7E4417A27E00EED00835C9E /* MyCrypto */,
				F7E4419127E00EEE00835C9E /* MyCryptoTests */,
				F7E4419B27E00EEE00835C9E /* MyCryptoUITests */,
				F7E4417927E00EED00835C9E /* Products */,
				3A974BA1277EA43F29BB6FB2 /* Pods */,
				F2BBF13675B92C2B71725F98 /* Frameworks */,
			);
			sourceTree = "<group>";
		};
		F7E4417927E00EED00835C9E /* Products */ = {
			isa = PBXGroup;
			children = (
				F7E4417827E00EED00835C9E /* MyCrypto.app */,
				F7E4418E27E00EEE00835C9E /* MyCryptoTests.xctest */,
				F7E4419827E00EEE00835C9E /* MyCryptoUITests.xctest */,
			);
			name = Products;
			sourceTree = "<group>";
		};
		F7E4417A27E00EED00835C9E /* MyCrypto */ = {
			isa = PBXGroup;
			children = (
				F7E4417B27E00EED00835C9E /* AppDelegate.swift */,
				F7E4417D27E00EED00835C9E /* SceneDelegate.swift */,
				F77B78CB27E4333100ECE459 /* Presenter */,
				F7D301A027E2BDE600AE256B /* View */,
				F7D3019F27E2BDCD00AE256B /* Model */,
				F7D301A127E2BDFE00AE256B /* HelperClasses */,
				F7E4418127E00EED00835C9E /* Main.storyboard */,
				F7E4418427E00EEE00835C9E /* Assets.xcassets */,
				F7E4418627E00EEE00835C9E /* LaunchScreen.storyboard */,
				F7E4418927E00EEE00835C9E /* Info.plist */,
			);
			path = MyCrypto;
			sourceTree = "<group>";
		};
		F7E4419127E00EEE00835C9E /* MyCryptoTests */ = {
			isa = PBXGroup;
			children = (
				F7E4419227E00EEE00835C9E /* MyCryptoTests.swift */,
			);
			path = MyCryptoTests;
			sourceTree = "<group>";
		};
		F7E4419B27E00EEE00835C9E /* MyCryptoUITests */ = {
			isa = PBXGroup;
			children = (
				F7E4419C27E00EEE00835C9E /* MyCryptoUITests.swift */,
				F7E4419E27E00EEE00835C9E /* MyCryptoUITestsLaunchTests.swift */,
			);
			path = MyCryptoUITests;
			sourceTree = "<group>";
		};
/* End PBXGroup section */

/* Begin PBXNativeTarget section */
		F7E4417727E00EED00835C9E /* MyCrypto */ = {
			isa = PBXNativeTarget;
			buildConfigurationList = F7E441A227E00EEE00835C9E /* Build configuration list for PBXNativeTarget "MyCrypto" */;
			buildPhases = (
				73662BEC1A5CD0D4D1FB91C4 /* [CP] Check Pods Manifest.lock */,
				F7E4417427E00EED00835C9E /* Sources */,
				F7E4417527E00EED00835C9E /* Frameworks */,
				F7E4417627E00EED00835C9E /* Resources */,
				30E4AB1C9AA3FC42BF7A82CD /* [CP] Embed Pods Frameworks */,
			);
			buildRules = (
			);
			dependencies = (
			);
			name = MyCrypto;
			productName = MyCrypto;
			productReference = F7E4417827E00EED00835C9E /* MyCrypto.app */;
			productType = "com.apple.product-type.application";
		};
		F7E4418D27E00EEE00835C9E /* MyCryptoTests */ = {
			isa = PBXNativeTarget;
			buildConfigurationList = F7E441A527E00EEE00835C9E /* Build configuration list for PBXNativeTarget "MyCryptoTests" */;
			buildPhases = (
				42079807CBDC7CBA65E69527 /* [CP] Check Pods Manifest.lock */,
				F7E4418A27E00EEE00835C9E /* Sources */,
				F7E4418B27E00EEE00835C9E /* Frameworks */,
				F7E4418C27E00EEE00835C9E /* Resources */,
			);
			buildRules = (
			);
			dependencies = (
				F7E4419027E00EEE00835C9E /* PBXTargetDependency */,
			);
			name = MyCryptoTests;
			productName = MyCryptoTests;
			productReference = F7E4418E27E00EEE00835C9E /* MyCryptoTests.xctest */;
			productType = "com.apple.product-type.bundle.unit-test";
		};
		F7E4419727E00EEE00835C9E /* MyCryptoUITests */ = {
			isa = PBXNativeTarget;
			buildConfigurationList = F7E441A827E00EEE00835C9E /* Build configuration list for PBXNativeTarget "MyCryptoUITests" */;
			buildPhases = (
				A7406584139B6D4FEB9D298D /* [CP] Check Pods Manifest.lock */,
				F7E4419427E00EEE00835C9E /* Sources */,
				F7E4419527E00EEE00835C9E /* Frameworks */,
				F7E4419627E00EEE00835C9E /* Resources */,
				D7CD0D410FAC588720428DC0 /* [CP] Embed Pods Frameworks */,
			);
			buildRules = (
			);
			dependencies = (
				F7E4419A27E00EEE00835C9E /* PBXTargetDependency */,
			);
			name = MyCryptoUITests;
			productName = MyCryptoUITests;
			productReference = F7E4419827E00EEE00835C9E /* MyCryptoUITests.xctest */;
			productType = "com.apple.product-type.bundle.ui-testing";
		};
/* End PBXNativeTarget section */

/* Begin PBXProject section */
		F7E4417027E00EED00835C9E /* Project object */ = {
			isa = PBXProject;
			attributes = {
				BuildIndependentTargetsInParallel = 1;
				LastSwiftUpdateCheck = 1320;
				LastUpgradeCheck = 1320;
				TargetAttributes = {
					F7E4417727E00EED00835C9E = {
						CreatedOnToolsVersion = 13.2.1;
					};
					F7E4418D27E00EEE00835C9E = {
						CreatedOnToolsVersion = 13.2.1;
						TestTargetID = F7E4417727E00EED00835C9E;
					};
					F7E4419727E00EEE00835C9E = {
						CreatedOnToolsVersion = 13.2.1;
						TestTargetID = F7E4417727E00EED00835C9E;
					};
				};
			};
			buildConfigurationList = F7E4417327E00EED00835C9E /* Build configuration list for PBXProject "MyCrypto" */;
			compatibilityVersion = "Xcode 13.0";
			developmentRegion = en;
			hasScannedForEncodings = 0;
			knownRegions = (
				en,
				Base,
			);
			mainGroup = F7E4416F27E00EED00835C9E;
			productRefGroup = F7E4417927E00EED00835C9E /* Products */;
			projectDirPath = "";
			projectRoot = "";
			targets = (
				F7E4417727E00EED00835C9E /* MyCrypto */,
				F7E4418D27E00EEE00835C9E /* MyCryptoTests */,
				F7E4419727E00EEE00835C9E /* MyCryptoUITests */,
			);
		};
/* End PBXProject section */

/* Begin PBXResourcesBuildPhase section */
		F7E4417627E00EED00835C9E /* Resources */ = {
			isa = PBXResourcesBuildPhase;
			buildActionMask = 2147483647;
			files = (
				F7E4418827E00EEE00835C9E /* LaunchScreen.storyboard in Resources */,
				F7E4418527E00EEE00835C9E /* Assets.xcassets in Resources */,
				F7E4418327E00EED00835C9E /* Main.storyboard in Resources */,
			);
			runOnlyForDeploymentPostprocessing = 0;
		};
		F7E4418C27E00EEE00835C9E /* Resources */ = {
			isa = PBXResourcesBuildPhase;
			buildActionMask = 2147483647;
			files = (
			);
			runOnlyForDeploymentPostprocessing = 0;
		};
		F7E4419627E00EEE00835C9E /* Resources */ = {
			isa = PBXResourcesBuildPhase;
			buildActionMask = 2147483647;
			files = (
			);
			runOnlyForDeploymentPostprocessing = 0;
		};
/* End PBXResourcesBuildPhase section */

/* Begin PBXShellScriptBuildPhase section */
		30E4AB1C9AA3FC42BF7A82CD /* [CP] Embed Pods Frameworks */ = {
			isa = PBXShellScriptBuildPhase;
			buildActionMask = 2147483647;
			files = (
			);
			inputFileListPaths = (
				"${PODS_ROOT}/Target Support Files/Pods-MyCrypto/Pods-MyCrypto-frameworks-${CONFIGURATION}-input-files.xcfilelist",
			);
			name = "[CP] Embed Pods Frameworks";
			outputFileListPaths = (
				"${PODS_ROOT}/Target Support Files/Pods-MyCrypto/Pods-MyCrypto-frameworks-${CONFIGURATION}-output-files.xcfilelist",
			);
			runOnlyForDeploymentPostprocessing = 0;
			shellPath = /bin/sh;
			shellScript = "\"${PODS_ROOT}/Target Support Files/Pods-MyCrypto/Pods-MyCrypto-frameworks.sh\"\n";
			showEnvVarsInLog = 0;
		};
		42079807CBDC7CBA65E69527 /* [CP] Check Pods Manifest.lock */ = {
			isa = PBXShellScriptBuildPhase;
			buildActionMask = 2147483647;
			files = (
			);
			inputFileListPaths = (
			);
			inputPaths = (
				"${PODS_PODFILE_DIR_PATH}/Podfile.lock",
				"${PODS_ROOT}/Manifest.lock",
			);
			name = "[CP] Check Pods Manifest.lock";
			outputFileListPaths = (
			);
			outputPaths = (
				"$(DERIVED_FILE_DIR)/Pods-MyCryptoTests-checkManifestLockResult.txt",
			);
			runOnlyForDeploymentPostprocessing = 0;
			shellPath = /bin/sh;
			shellScript = "diff \"${PODS_PODFILE_DIR_PATH}/Podfile.lock\" \"${PODS_ROOT}/Manifest.lock\" > /dev/null\nif [ $? != 0 ] ; then\n    # print error to STDERR\n    echo \"error: The sandbox is not in sync with the Podfile.lock. Run 'pod install' or update your CocoaPods installation.\" >&2\n    exit 1\nfi\n# This output is used by Xcode 'outputs' to avoid re-running this script phase.\necho \"SUCCESS\" > \"${SCRIPT_OUTPUT_FILE_0}\"\n";
			showEnvVarsInLog = 0;
		};
		73662BEC1A5CD0D4D1FB91C4 /* [CP] Check Pods Manifest.lock */ = {
			isa = PBXShellScriptBuildPhase;
			buildActionMask = 2147483647;
			files = (
			);
			inputFileListPaths = (
			);
			inputPaths = (
				"${PODS_PODFILE_DIR_PATH}/Podfile.lock",
				"${PODS_ROOT}/Manifest.lock",
			);
			name = "[CP] Check Pods Manifest.lock";
			outputFileListPaths = (
			);
			outputPaths = (
				"$(DERIVED_FILE_DIR)/Pods-MyCrypto-checkManifestLockResult.txt",
			);
			runOnlyForDeploymentPostprocessing = 0;
			shellPath = /bin/sh;
			shellScript = "diff \"${PODS_PODFILE_DIR_PATH}/Podfile.lock\" \"${PODS_ROOT}/Manifest.lock\" > /dev/null\nif [ $? != 0 ] ; then\n    # print error to STDERR\n    echo \"error: The sandbox is not in sync with the Podfile.lock. Run 'pod install' or update your CocoaPods installation.\" >&2\n    exit 1\nfi\n# This output is used by Xcode 'outputs' to avoid re-running this script phase.\necho \"SUCCESS\" > \"${SCRIPT_OUTPUT_FILE_0}\"\n";
			showEnvVarsInLog = 0;
		};
		A7406584139B6D4FEB9D298D /* [CP] Check Pods Manifest.lock */ = {
			isa = PBXShellScriptBuildPhase;
			buildActionMask = 2147483647;
			files = (
			);
			inputFileListPaths = (
			);
			inputPaths = (
				"${PODS_PODFILE_DIR_PATH}/Podfile.lock",
				"${PODS_ROOT}/Manifest.lock",
			);
			name = "[CP] Check Pods Manifest.lock";
			outputFileListPaths = (
			);
			outputPaths = (
				"$(DERIVED_FILE_DIR)/Pods-MyCrypto-MyCryptoUITests-checkManifestLockResult.txt",
			);
			runOnlyForDeploymentPostprocessing = 0;
			shellPath = /bin/sh;
			shellScript = "diff \"${PODS_PODFILE_DIR_PATH}/Podfile.lock\" \"${PODS_ROOT}/Manifest.lock\" > /dev/null\nif [ $? != 0 ] ; then\n    # print error to STDERR\n    echo \"error: The sandbox is not in sync with the Podfile.lock. Run 'pod install' or update your CocoaPods installation.\" >&2\n    exit 1\nfi\n# This output is used by Xcode 'outputs' to avoid re-running this script phase.\necho \"SUCCESS\" > \"${SCRIPT_OUTPUT_FILE_0}\"\n";
			showEnvVarsInLog = 0;
		};
		D7CD0D410FAC588720428DC0 /* [CP] Embed Pods Frameworks */ = {
			isa = PBXShellScriptBuildPhase;
			buildActionMask = 2147483647;
			files = (
			);
			inputFileListPaths = (
				"${PODS_ROOT}/Target Support Files/Pods-MyCrypto-MyCryptoUITests/Pods-MyCrypto-MyCryptoUITests-frameworks-${CONFIGURATION}-input-files.xcfilelist",
			);
			name = "[CP] Embed Pods Frameworks";
			outputFileListPaths = (
				"${PODS_ROOT}/Target Support Files/Pods-MyCrypto-MyCryptoUITests/Pods-MyCrypto-MyCryptoUITests-frameworks-${CONFIGURATION}-output-files.xcfilelist",
			);
			runOnlyForDeploymentPostprocessing = 0;
			shellPath = /bin/sh;
			shellScript = "\"${PODS_ROOT}/Target Support Files/Pods-MyCrypto-MyCryptoUITests/Pods-MyCrypto-MyCryptoUITests-frameworks.sh\"\n";
			showEnvVarsInLog = 0;
		};
/* End PBXShellScriptBuildPhase section */

/* Begin PBXSourcesBuildPhase section */
		F7E4417427E00EED00835C9E /* Sources */ = {
			isa = PBXSourcesBuildPhase;
			buildActionMask = 2147483647;
			files = (
				F79A512827E23F9200B8A1D2 /* DetailTableViewController.swift in Sources */,
				F73AF96827E099FD00D750DB /* CurrencyTableViewController.swift in Sources */,
				F77B78C827E404C400ECE459 /* CurrencyTableViewPresenter.swift in Sources */,
				F7D3019E27E2B80400AE256B /* Utilities.swift in Sources */,
				F77B78CA27E42A7F00ECE459 /* DetailTableViewPresenter.swift in Sources */,
				F73AF96227E01B7F00D750DB /* Currency.swift in Sources */,
				F7E4417C27E00EED00835C9E /* AppDelegate.swift in Sources */,
				F7E4417E27E00EED00835C9E /* SceneDelegate.swift in Sources */,
				F7759D4027E015D000172EA0 /* DataFetcher.swift in Sources */,
			);
			runOnlyForDeploymentPostprocessing = 0;
		};
		F7E4418A27E00EEE00835C9E /* Sources */ = {
			isa = PBXSourcesBuildPhase;
			buildActionMask = 2147483647;
			files = (
				F7E4419327E00EEE00835C9E /* MyCryptoTests.swift in Sources */,
			);
			runOnlyForDeploymentPostprocessing = 0;
		};
		F7E4419427E00EEE00835C9E /* Sources */ = {
			isa = PBXSourcesBuildPhase;
			buildActionMask = 2147483647;
			files = (
				F7E4419F27E00EEE00835C9E /* MyCryptoUITestsLaunchTests.swift in Sources */,
				F7E4419D27E00EEE00835C9E /* MyCryptoUITests.swift in Sources */,
			);
			runOnlyForDeploymentPostprocessing = 0;
		};
/* End PBXSourcesBuildPhase section */

/* Begin PBXTargetDependency section */
		F7E4419027E00EEE00835C9E /* PBXTargetDependency */ = {
			isa = PBXTargetDependency;
			target = F7E4417727E00EED00835C9E /* MyCrypto */;
			targetProxy = F7E4418F27E00EEE00835C9E /* PBXContainerItemProxy */;
		};
		F7E4419A27E00EEE00835C9E /* PBXTargetDependency */ = {
			isa = PBXTargetDependency;
			target = F7E4417727E00EED00835C9E /* MyCrypto */;
			targetProxy = F7E4419927E00EEE00835C9E /* PBXContainerItemProxy */;
		};
/* End PBXTargetDependency section */

/* Begin PBXVariantGroup section */
		F7E4418127E00EED00835C9E /* Main.storyboard */ = {
			isa = PBXVariantGroup;
			children = (
				F7E4418227E00EED00835C9E /* Base */,
			);
			name = Main.storyboard;
			sourceTree = "<group>";
		};
		F7E4418627E00EEE00835C9E /* LaunchScreen.storyboard */ = {
			isa = PBXVariantGroup;
			children = (
				F7E4418727E00EEE00835C9E /* Base */,
			);
			name = LaunchScreen.storyboard;
			sourceTree = "<group>";
		};
/* End PBXVariantGroup section */

/* Begin XCBuildConfiguration section */
		F7E441A027E00EEE00835C9E /* Debug */ = {
			isa = XCBuildConfiguration;
			buildSettings = {
				ALWAYS_SEARCH_USER_PATHS = NO;
				CLANG_ANALYZER_NONNULL = YES;
				CLANG_ANALYZER_NUMBER_OBJECT_CONVERSION = YES_AGGRESSIVE;
				CLANG_CXX_LANGUAGE_STANDARD = "gnu++17";
				CLANG_CXX_LIBRARY = "libc++";
				CLANG_ENABLE_MODULES = YES;
				CLANG_ENABLE_OBJC_ARC = YES;
				CLANG_ENABLE_OBJC_WEAK = YES;
				CLANG_WARN_BLOCK_CAPTURE_AUTORELEASING = YES;
				CLANG_WARN_BOOL_CONVERSION = YES;
				CLANG_WARN_COMMA = YES;
				CLANG_WARN_CONSTANT_CONVERSION = YES;
				CLANG_WARN_DEPRECATED_OBJC_IMPLEMENTATIONS = YES;
				CLANG_WARN_DIRECT_OBJC_ISA_USAGE = YES_ERROR;
				CLANG_WARN_DOCUMENTATION_COMMENTS = YES;
				CLANG_WARN_EMPTY_BODY = YES;
				CLANG_WARN_ENUM_CONVERSION = YES;
				CLANG_WARN_INFINITE_RECURSION = YES;
				CLANG_WARN_INT_CONVERSION = YES;
				CLANG_WARN_NON_LITERAL_NULL_CONVERSION = YES;
				CLANG_WARN_OBJC_IMPLICIT_RETAIN_SELF = YES;
				CLANG_WARN_OBJC_LITERAL_CONVERSION = YES;
				CLANG_WARN_OBJC_ROOT_CLASS = YES_ERROR;
				CLANG_WARN_QUOTED_INCLUDE_IN_FRAMEWORK_HEADER = YES;
				CLANG_WARN_RANGE_LOOP_ANALYSIS = YES;
				CLANG_WARN_STRICT_PROTOTYPES = YES;
				CLANG_WARN_SUSPICIOUS_MOVE = YES;
				CLANG_WARN_UNGUARDED_AVAILABILITY = YES_AGGRESSIVE;
				CLANG_WARN_UNREACHABLE_CODE = YES;
				CLANG_WARN__DUPLICATE_METHOD_MATCH = YES;
				COPY_PHASE_STRIP = NO;
				DEBUG_INFORMATION_FORMAT = dwarf;
				ENABLE_STRICT_OBJC_MSGSEND = YES;
				ENABLE_TESTABILITY = YES;
				GCC_C_LANGUAGE_STANDARD = gnu11;
				GCC_DYNAMIC_NO_PIC = NO;
				GCC_NO_COMMON_BLOCKS = YES;
				GCC_OPTIMIZATION_LEVEL = 0;
				GCC_PREPROCESSOR_DEFINITIONS = (
					"DEBUG=1",
					"$(inherited)",
				);
				GCC_WARN_64_TO_32_BIT_CONVERSION = YES;
				GCC_WARN_ABOUT_RETURN_TYPE = YES_ERROR;
				GCC_WARN_UNDECLARED_SELECTOR = YES;
				GCC_WARN_UNINITIALIZED_AUTOS = YES_AGGRESSIVE;
				GCC_WARN_UNUSED_FUNCTION = YES;
				GCC_WARN_UNUSED_VARIABLE = YES;
				IPHONEOS_DEPLOYMENT_TARGET = 15.2;
				MTL_ENABLE_DEBUG_INFO = INCLUDE_SOURCE;
				MTL_FAST_MATH = YES;
				ONLY_ACTIVE_ARCH = YES;
				SDKROOT = iphoneos;
				SWIFT_ACTIVE_COMPILATION_CONDITIONS = DEBUG;
				SWIFT_OPTIMIZATION_LEVEL = "-Onone";
			};
			name = Debug;
		};
		F7E441A127E00EEE00835C9E /* Release */ = {
			isa = XCBuildConfiguration;
			buildSettings = {
				ALWAYS_SEARCH_USER_PATHS = NO;
				CLANG_ANALYZER_NONNULL = YES;
				CLANG_ANALYZER_NUMBER_OBJECT_CONVERSION = YES_AGGRESSIVE;
				CLANG_CXX_LANGUAGE_STANDARD = "gnu++17";
				CLANG_CXX_LIBRARY = "libc++";
				CLANG_ENABLE_MODULES = YES;
				CLANG_ENABLE_OBJC_ARC = YES;
				CLANG_ENABLE_OBJC_WEAK = YES;
				CLANG_WARN_BLOCK_CAPTURE_AUTORELEASING = YES;
				CLANG_WARN_BOOL_CONVERSION = YES;
				CLANG_WARN_COMMA = YES;
				CLANG_WARN_CONSTANT_CONVERSION = YES;
				CLANG_WARN_DEPRECATED_OBJC_IMPLEMENTATIONS = YES;
				CLANG_WARN_DIRECT_OBJC_ISA_USAGE = YES_ERROR;
				CLANG_WARN_DOCUMENTATION_COMMENTS = YES;
				CLANG_WARN_EMPTY_BODY = YES;
				CLANG_WARN_ENUM_CONVERSION = YES;
				CLANG_WARN_INFINITE_RECURSION = YES;
				CLANG_WARN_INT_CONVERSION = YES;
				CLANG_WARN_NON_LITERAL_NULL_CONVERSION = YES;
				CLANG_WARN_OBJC_IMPLICIT_RETAIN_SELF = YES;
				CLANG_WARN_OBJC_LITERAL_CONVERSION = YES;
				CLANG_WARN_OBJC_ROOT_CLASS = YES_ERROR;
				CLANG_WARN_QUOTED_INCLUDE_IN_FRAMEWORK_HEADER = YES;
				CLANG_WARN_RANGE_LOOP_ANALYSIS = YES;
				CLANG_WARN_STRICT_PROTOTYPES = YES;
				CLANG_WARN_SUSPICIOUS_MOVE = YES;
				CLANG_WARN_UNGUARDED_AVAILABILITY = YES_AGGRESSIVE;
				CLANG_WARN_UNREACHABLE_CODE = YES;
				CLANG_WARN__DUPLICATE_METHOD_MATCH = YES;
				COPY_PHASE_STRIP = NO;
				DEBUG_INFORMATION_FORMAT = "dwarf-with-dsym";
				ENABLE_NS_ASSERTIONS = NO;
				ENABLE_STRICT_OBJC_MSGSEND = YES;
				GCC_C_LANGUAGE_STANDARD = gnu11;
				GCC_NO_COMMON_BLOCKS = YES;
				GCC_WARN_64_TO_32_BIT_CONVERSION = YES;
				GCC_WARN_ABOUT_RETURN_TYPE = YES_ERROR;
				GCC_WARN_UNDECLARED_SELECTOR = YES;
				GCC_WARN_UNINITIALIZED_AUTOS = YES_AGGRESSIVE;
				GCC_WARN_UNUSED_FUNCTION = YES;
				GCC_WARN_UNUSED_VARIABLE = YES;
				IPHONEOS_DEPLOYMENT_TARGET = 15.2;
				MTL_ENABLE_DEBUG_INFO = NO;
				MTL_FAST_MATH = YES;
				SDKROOT = iphoneos;
				SWIFT_COMPILATION_MODE = wholemodule;
				SWIFT_OPTIMIZATION_LEVEL = "-O";
				VALIDATE_PRODUCT = YES;
			};
			name = Release;
		};
		F7E441A327E00EEE00835C9E /* Debug */ = {
			isa = XCBuildConfiguration;
			baseConfigurationReference = 823F36D1EDB8C87FAF7044CE /* Pods-MyCrypto.debug.xcconfig */;
			buildSettings = {
				ASSETCATALOG_COMPILER_APPICON_NAME = AppIcon;
				ASSETCATALOG_COMPILER_GLOBAL_ACCENT_COLOR_NAME = AccentColor;
				CODE_SIGN_STYLE = Automatic;
				CURRENT_PROJECT_VERSION = 1;
				DEVELOPMENT_TEAM = 63889G7Y7X;
				GENERATE_INFOPLIST_FILE = YES;
				INFOPLIST_FILE = MyCrypto/Info.plist;
				INFOPLIST_KEY_CFBundleDisplayName = CoinMarket;
				INFOPLIST_KEY_UIApplicationSupportsIndirectInputEvents = YES;
				INFOPLIST_KEY_UILaunchStoryboardName = LaunchScreen;
				INFOPLIST_KEY_UIMainStoryboardFile = Main;
				INFOPLIST_KEY_UISupportedInterfaceOrientations_iPad = "UIInterfaceOrientationPortrait UIInterfaceOrientationPortraitUpsideDown UIInterfaceOrientationLandscapeLeft UIInterfaceOrientationLandscapeRight";
				INFOPLIST_KEY_UISupportedInterfaceOrientations_iPhone = "UIInterfaceOrientationPortrait UIInterfaceOrientationLandscapeLeft UIInterfaceOrientationLandscapeRight";
				LD_RUNPATH_SEARCH_PATHS = (
					"$(inherited)",
					"@executable_path/Frameworks",
				);
				MARKETING_VERSION = 1.0;
				PRODUCT_BUNDLE_IDENTIFIER = com.sreekanth.MyCrypto;
				PRODUCT_NAME = "$(TARGET_NAME)";
				SWIFT_EMIT_LOC_STRINGS = YES;
				SWIFT_VERSION = 5.0;
				TARGETED_DEVICE_FAMILY = "1,2";
			};
			name = Debug;
		};
		F7E441A427E00EEE00835C9E /* Release */ = {
			isa = XCBuildConfiguration;
			baseConfigurationReference = 8F35BA3C1AEFE36494CEFEEA /* Pods-MyCrypto.release.xcconfig */;
			buildSettings = {
				ASSETCATALOG_COMPILER_APPICON_NAME = AppIcon;
				ASSETCATALOG_COMPILER_GLOBAL_ACCENT_COLOR_NAME = AccentColor;
				CODE_SIGN_STYLE = Automatic;
				CURRENT_PROJECT_VERSION = 1;
				DEVELOPMENT_TEAM = 63889G7Y7X;
				GENERATE_INFOPLIST_FILE = YES;
				INFOPLIST_FILE = MyCrypto/Info.plist;
				INFOPLIST_KEY_CFBundleDisplayName = CoinMarket;
				INFOPLIST_KEY_UIApplicationSupportsIndirectInputEvents = YES;
				INFOPLIST_KEY_UILaunchStoryboardName = LaunchScreen;
				INFOPLIST_KEY_UIMainStoryboardFile = Main;
				INFOPLIST_KEY_UISupportedInterfaceOrientations_iPad = "UIInterfaceOrientationPortrait UIInterfaceOrientationPortraitUpsideDown UIInterfaceOrientationLandscapeLeft UIInterfaceOrientationLandscapeRight";
				INFOPLIST_KEY_UISupportedInterfaceOrientations_iPhone = "UIInterfaceOrientationPortrait UIInterfaceOrientationLandscapeLeft UIInterfaceOrientationLandscapeRight";
				LD_RUNPATH_SEARCH_PATHS = (
					"$(inherited)",
					"@executable_path/Frameworks",
				);
				MARKETING_VERSION = 1.0;
				PRODUCT_BUNDLE_IDENTIFIER = com.sreekanth.MyCrypto;
				PRODUCT_NAME = "$(TARGET_NAME)";
				SWIFT_EMIT_LOC_STRINGS = YES;
				SWIFT_VERSION = 5.0;
				TARGETED_DEVICE_FAMILY = "1,2";
			};
			name = Release;
		};
		F7E441A627E00EEE00835C9E /* Debug */ = {
			isa = XCBuildConfiguration;
			baseConfigurationReference = 84941F97D8130951CAAB9CFE /* Pods-MyCryptoTests.debug.xcconfig */;
			buildSettings = {
				ALWAYS_EMBED_SWIFT_STANDARD_LIBRARIES = YES;
				BUNDLE_LOADER = "$(TEST_HOST)";
				CODE_SIGN_STYLE = Automatic;
				CURRENT_PROJECT_VERSION = 1;
				DEVELOPMENT_TEAM = 63889G7Y7X;
				GENERATE_INFOPLIST_FILE = YES;
				IPHONEOS_DEPLOYMENT_TARGET = 15.2;
				MARKETING_VERSION = 1.0;
				PRODUCT_BUNDLE_IDENTIFIER = com.sreekanth.MyCryptoTests;
				PRODUCT_NAME = "$(TARGET_NAME)";
				SWIFT_EMIT_LOC_STRINGS = NO;
				SWIFT_VERSION = 5.0;
				TARGETED_DEVICE_FAMILY = "1,2";
				TEST_HOST = "$(BUILT_PRODUCTS_DIR)/MyCrypto.app/MyCrypto";
			};
			name = Debug;
		};
		F7E441A727E00EEE00835C9E /* Release */ = {
			isa = XCBuildConfiguration;
			baseConfigurationReference = 4D309F024C7A548F6529ED57 /* Pods-MyCryptoTests.release.xcconfig */;
			buildSettings = {
				ALWAYS_EMBED_SWIFT_STANDARD_LIBRARIES = YES;
				BUNDLE_LOADER = "$(TEST_HOST)";
				CODE_SIGN_STYLE = Automatic;
				CURRENT_PROJECT_VERSION = 1;
				DEVELOPMENT_TEAM = 63889G7Y7X;
				GENERATE_INFOPLIST_FILE = YES;
				IPHONEOS_DEPLOYMENT_TARGET = 15.2;
				MARKETING_VERSION = 1.0;
				PRODUCT_BUNDLE_IDENTIFIER = com.sreekanth.MyCryptoTests;
				PRODUCT_NAME = "$(TARGET_NAME)";
				SWIFT_EMIT_LOC_STRINGS = NO;
				SWIFT_VERSION = 5.0;
				TARGETED_DEVICE_FAMILY = "1,2";
				TEST_HOST = "$(BUILT_PRODUCTS_DIR)/MyCrypto.app/MyCrypto";
			};
			name = Release;
		};
		F7E441A927E00EEE00835C9E /* Debug */ = {
			isa = XCBuildConfiguration;
			baseConfigurationReference = 6F75BC63D593F80746E0EC6B /* Pods-MyCrypto-MyCryptoUITests.debug.xcconfig */;
			buildSettings = {
				ALWAYS_EMBED_SWIFT_STANDARD_LIBRARIES = YES;
				CODE_SIGN_STYLE = Automatic;
				CURRENT_PROJECT_VERSION = 1;
				DEVELOPMENT_TEAM = 63889G7Y7X;
				GENERATE_INFOPLIST_FILE = YES;
				MARKETING_VERSION = 1.0;
				PRODUCT_BUNDLE_IDENTIFIER = com.sreekanth.MyCryptoUITests;
				PRODUCT_NAME = "$(TARGET_NAME)";
				SWIFT_EMIT_LOC_STRINGS = NO;
				SWIFT_VERSION = 5.0;
				TARGETED_DEVICE_FAMILY = "1,2";
				TEST_TARGET_NAME = MyCrypto;
			};
			name = Debug;
		};
		F7E441AA27E00EEE00835C9E /* Release */ = {
			isa = XCBuildConfiguration;
			baseConfigurationReference = 6CCB3EB3FDA66DBD9EAB5992 /* Pods-MyCrypto-MyCryptoUITests.release.xcconfig */;
			buildSettings = {
				ALWAYS_EMBED_SWIFT_STANDARD_LIBRARIES = YES;
				CODE_SIGN_STYLE = Automatic;
				CURRENT_PROJECT_VERSION = 1;
				DEVELOPMENT_TEAM = 63889G7Y7X;
				GENERATE_INFOPLIST_FILE = YES;
				MARKETING_VERSION = 1.0;
				PRODUCT_BUNDLE_IDENTIFIER = com.sreekanth.MyCryptoUITests;
				PRODUCT_NAME = "$(TARGET_NAME)";
				SWIFT_EMIT_LOC_STRINGS = NO;
				SWIFT_VERSION = 5.0;
				TARGETED_DEVICE_FAMILY = "1,2";
				TEST_TARGET_NAME = MyCrypto;
			};
			name = Release;
		};
/* End XCBuildConfiguration section */

/* Begin XCConfigurationList section */
		F7E4417327E00EED00835C9E /* Build configuration list for PBXProject "MyCrypto" */ = {
			isa = XCConfigurationList;
			buildConfigurations = (
				F7E441A027E00EEE00835C9E /* Debug */,
				F7E441A127E00EEE00835C9E /* Release */,
			);
			defaultConfigurationIsVisible = 0;
			defaultConfigurationName = Release;
		};
		F7E441A227E00EEE00835C9E /* Build configuration list for PBXNativeTarget "MyCrypto" */ = {
			isa = XCConfigurationList;
			buildConfigurations = (
				F7E441A327E00EEE00835C9E /* Debug */,
				F7E441A427E00EEE00835C9E /* Release */,
			);
			defaultConfigurationIsVisible = 0;
			defaultConfigurationName = Release;
		};
		F7E441A527E00EEE00835C9E /* Build configuration list for PBXNativeTarget "MyCryptoTests" */ = {
			isa = XCConfigurationList;
			buildConfigurations = (
				F7E441A627E00EEE00835C9E /* Debug */,
				F7E441A727E00EEE00835C9E /* Release */,
			);
			defaultConfigurationIsVisible = 0;
			defaultConfigurationName = Release;
		};
		F7E441A827E00EEE00835C9E /* Build configuration list for PBXNativeTarget "MyCryptoUITests" */ = {
			isa = XCConfigurationList;
			buildConfigurations = (
				F7E441A927E00EEE00835C9E /* Debug */,
				F7E441AA27E00EEE00835C9E /* Release */,
			);
			defaultConfigurationIsVisible = 0;
			defaultConfigurationName = Release;
		};
/* End XCConfigurationList section */
	};
	rootObject = F7E4417027E00EED00835C9E /* Project object */;
}
